
Microsoft Visual Studio Solution File, Format Version 12.00
# Visual Studio Version 17
VisualStudioVersion = 17.8.34330.188
MinimumVisualStudioVersion = 10.0.40219.1
Project("{FAE04EC0-301F-11D3-BF4B-00C04F79EFBC}") = "Workshop", "Workshop.csproj", "{882D6E43-11F8-40C5-B2CD-DA56821772D9}"
EndProject
Global
	GlobalSection(SolutionConfigurationPlatforms) = preSolution
		Debug|Any CPU = Debug|Any CPU
		Release|Any CPU = Release|Any CPU
	EndGlobalSection
	GlobalSection(ProjectConfigurationPlatforms) = postSolution
		{882D6E43-11F8-40C5-B2CD-DA56821772D9}.Debug|Any CPU.ActiveCfg = Debug|Any CPU
		{882D6E43-11F8-40C5-B2CD-DA56821772D9}.Debug|Any CPU.Build.0 = Debug|Any CPU
		{882D6E43-11F8-40C5-B2CD-DA56821772D9}.Release|Any CPU.ActiveCfg = Release|Any CPU
		{882D6E43-11F8-40C5-B2CD-DA56821772D9}.Release|Any CPU.Build.0 = Release|Any CPU
	EndGlobalSection
	GlobalSection(SolutionProperties) = preSolution
		HideSolutionNode = FALSE
	EndGlobalSection
	GlobalSection(ExtensibilityGlobals) = postSolution
		SolutionGuid = {3BD95EE5-FCD4-4D27-A4DC-E37E98874B8D}
	EndGlobalSection
EndGlobal
